
Microsoft Visual Studio Solution File, Format Version 12.00
# Visual Studio 15
VisualStudioVersion = 15.0.26730.15
MinimumVisualStudioVersion = 10.0.40219.1
Project("{FAE04EC0-301F-11D3-BF4B-00C04F79EFBC}") = "macaumami", "macaumami\macaumami.csproj", "{4358051E-5002-4066-96CC-400820930EC4}"
EndProject
Global
	GlobalSection(SolutionConfigurationPlatforms) = preSolution
		Debug|Any CPU = Debug|Any CPU
		Release|Any CPU = Release|Any CPU
	EndGlobalSection
	GlobalSection(ProjectConfigurationPlatforms) = postSolution
		{4358051E-5002-4066-96CC-400820930EC4}.Debug|Any CPU.ActiveCfg = Debug|Any CPU
		{4358051E-5002-4066-96CC-400820930EC4}.Debug|Any CPU.Build.0 = Debug|Any CPU
		{4358051E-5002-4066-96CC-400820930EC4}.Release|Any CPU.ActiveCfg = Release|Any CPU
		{4358051E-5002-4066-96CC-400820930EC4}.Release|Any CPU.Build.0 = Release|Any CPU
	EndGlobalSection
	GlobalSection(SolutionProperties) = preSolution
		HideSolutionNode = FALSE
	EndGlobalSection
	GlobalSection(ExtensibilityGlobals) = postSolution
		SolutionGuid = {C887A378-AE1E-4831-9E83-930032F725DD}
	EndGlobalSection
EndGlobal
